
Microsoft Visual Studio Solution File, Format Version 12.00
# Visual Studio Version 17
VisualStudioVersion = 17.2.32516.85
MinimumVisualStudioVersion = 10.0.40219.1
Project("{2150E333-8FDC-42A3-9474-1A3956D46DE8}") = "Core", "Core", "{6ED3F987-E085-42E5-95B6-195B13FED98E}"
EndProject
Project("{2150E333-8FDC-42A3-9474-1A3956D46DE8}") = "Infra", "Infra", "{192B56C2-1E6C-4663-9A8F-F881E085A35B}"
EndProject
Project("{9A19103F-16F7-4668-BE54-9A1E7A4F7556}") = "Application", "Application\Application.csproj", "{D55AE285-5BFA-4406-B5A9-C85D71322E39}"
EndProject
Project("{9A19103F-16F7-4668-BE54-9A1E7A4F7556}") = "Domain", "Domain\Domain.csproj", "{5739B34D-8617-468F-B0A8-775BC1BAAC21}"
EndProject
Project("{9A19103F-16F7-4668-BE54-9A1E7A4F7556}") = "Infrastructure", "Infrastructure\Infrastructure.csproj", "{F6663DE3-4873-4B45-A578-E80AFDCBEDDA}"
EndProject
Project("{2150E333-8FDC-42A3-9474-1A3956D46DE8}") = "Host", "Host", "{1EE41BB1-17F4-4E6E-B194-26C75B1FC762}"
EndProject
Project("{9A19103F-16F7-4668-BE54-9A1E7A4F7556}") = "WebApi", "WebApi\WebApi.csproj", "{55FF247E-C192-4728-9675-1346809D89E3}"
EndProject
Project("{2150E333-8FDC-42A3-9474-1A3956D46DE8}") = "Common", "Common", "{D5049433-98BC-494D-9083-ACDD35B496DE}"
EndProject
Project("{9A19103F-16F7-4668-BE54-9A1E7A4F7556}") = "Commons", "Commons\Commons.csproj", "{75E1FF5E-23C0-40F1-93FC-F1897F717650}"
EndProject
Project("{9A19103F-16F7-4668-BE54-9A1E7A4F7556}") = "Models", "Models\Models.csproj", "{EB9616E3-F67C-41BE-9338-E96B3894F98A}"
EndProject
Project("{2150E333-8FDC-42A3-9474-1A3956D46DE8}") = "UnitTest", "UnitTest", "{6C021C04-9195-4E95-871D-2E99B0018387}"
EndProject
Project("{9A19103F-16F7-4668-BE54-9A1E7A4F7556}") = "WebApi.Test", "WebApi.Test\WebApi.Test\WebApi.Test.csproj", "{4041C779-E1E1-4A1E-90CB-9CF5EBA8574A}"
EndProject
Global
	GlobalSection(SolutionConfigurationPlatforms) = preSolution
		Debug|Any CPU = Debug|Any CPU
		Release|Any CPU = Release|Any CPU
	EndGlobalSection
	GlobalSection(ProjectConfigurationPlatforms) = postSolution
		{D55AE285-5BFA-4406-B5A9-C85D71322E39}.Debug|Any CPU.ActiveCfg = Debug|Any CPU
		{D55AE285-5BFA-4406-B5A9-C85D71322E39}.Debug|Any CPU.Build.0 = Debug|Any CPU
		{D55AE285-5BFA-4406-B5A9-C85D71322E39}.Release|Any CPU.ActiveCfg = Release|Any CPU
		{D55AE285-5BFA-4406-B5A9-C85D71322E39}.Release|Any CPU.Build.0 = Release|Any CPU
		{5739B34D-8617-468F-B0A8-775BC1BAAC21}.Debug|Any CPU.ActiveCfg = Debug|Any CPU
		{5739B34D-8617-468F-B0A8-775BC1BAAC21}.Debug|Any CPU.Build.0 = Debug|Any CPU
		{5739B34D-8617-468F-B0A8-775BC1BAAC21}.Release|Any CPU.ActiveCfg = Release|Any CPU
		{5739B34D-8617-468F-B0A8-775BC1BAAC21}.Release|Any CPU.Build.0 = Release|Any CPU
		{F6663DE3-4873-4B45-A578-E80AFDCBEDDA}.Debug|Any CPU.ActiveCfg = Debug|Any CPU
		{F6663DE3-4873-4B45-A578-E80AFDCBEDDA}.Debug|Any CPU.Build.0 = Debug|Any CPU
		{F6663DE3-4873-4B45-A578-E80AFDCBEDDA}.Release|Any CPU.ActiveCfg = Release|Any CPU
		{F6663DE3-4873-4B45-A578-E80AFDCBEDDA}.Release|Any CPU.Build.0 = Release|Any CPU
		{55FF247E-C192-4728-9675-1346809D89E3}.Debug|Any CPU.ActiveCfg = Debug|Any CPU
		{55FF247E-C192-4728-9675-1346809D89E3}.Debug|Any CPU.Build.0 = Debug|Any CPU
		{55FF247E-C192-4728-9675-1346809D89E3}.Release|Any CPU.ActiveCfg = Release|Any CPU
		{55FF247E-C192-4728-9675-1346809D89E3}.Release|Any CPU.Build.0 = Release|Any CPU
		{75E1FF5E-23C0-40F1-93FC-F1897F717650}.Debug|Any CPU.ActiveCfg = Debug|Any CPU
		{75E1FF5E-23C0-40F1-93FC-F1897F717650}.Debug|Any CPU.Build.0 = Debug|Any CPU
		{75E1FF5E-23C0-40F1-93FC-F1897F717650}.Release|Any CPU.ActiveCfg = Release|Any CPU
		{75E1FF5E-23C0-40F1-93FC-F1897F717650}.Release|Any CPU.Build.0 = Release|Any CPU
		{EB9616E3-F67C-41BE-9338-E96B3894F98A}.Debug|Any CPU.ActiveCfg = Debug|Any CPU
		{EB9616E3-F67C-41BE-9338-E96B3894F98A}.Debug|Any CPU.Build.0 = Debug|Any CPU
		{EB9616E3-F67C-41BE-9338-E96B3894F98A}.Release|Any CPU.ActiveCfg = Release|Any CPU
		{EB9616E3-F67C-41BE-9338-E96B3894F98A}.Release|Any CPU.Build.0 = Release|Any CPU
		{4041C779-E1E1-4A1E-90CB-9CF5EBA8574A}.Debug|Any CPU.ActiveCfg = Debug|Any CPU
		{4041C779-E1E1-4A1E-90CB-9CF5EBA8574A}.Debug|Any CPU.Build.0 = Debug|Any CPU
		{4041C779-E1E1-4A1E-90CB-9CF5EBA8574A}.Release|Any CPU.ActiveCfg = Release|Any CPU
		{4041C779-E1E1-4A1E-90CB-9CF5EBA8574A}.Release|Any CPU.Build.0 = Release|Any CPU
	EndGlobalSection
	GlobalSection(SolutionProperties) = preSolution
		HideSolutionNode = FALSE
	EndGlobalSection
	GlobalSection(NestedProjects) = preSolution
		{D55AE285-5BFA-4406-B5A9-C85D71322E39} = {6ED3F987-E085-42E5-95B6-195B13FED98E}
		{5739B34D-8617-468F-B0A8-775BC1BAAC21} = {6ED3F987-E085-42E5-95B6-195B13FED98E}
		{F6663DE3-4873-4B45-A578-E80AFDCBEDDA} = {192B56C2-1E6C-4663-9A8F-F881E085A35B}
		{55FF247E-C192-4728-9675-1346809D89E3} = {1EE41BB1-17F4-4E6E-B194-26C75B1FC762}
		{75E1FF5E-23C0-40F1-93FC-F1897F717650} = {D5049433-98BC-494D-9083-ACDD35B496DE}
		{EB9616E3-F67C-41BE-9338-E96B3894F98A} = {D5049433-98BC-494D-9083-ACDD35B496DE}
		{4041C779-E1E1-4A1E-90CB-9CF5EBA8574A} = {6C021C04-9195-4E95-871D-2E99B0018387}
	EndGlobalSection
	GlobalSection(ExtensibilityGlobals) = postSolution
		SolutionGuid = {08EFAD74-E1D9-4BF8-AE62-376EA8CC1C71}
	EndGlobalSection
EndGlobal
